// !$*UTF8*$!
{
	archiveVersion = 1;
	classes = {
	};
	objectVersion = 52;
	objects = {

/* Begin PBXBuildFile section */
		A96BA07025E3366300A8EC58 /* MyAppApp.swift in Sources */ = {isa = PBXBuildFile; fileRef = A96BA06F25E3366300A8EC58 /* MyAppApp.swift */; };
		A96BA07225E3366300A8EC58 /* ContentView.swift in Sources */ = {isa = PBXBuildFile; fileRef = A96BA07125E3366300A8EC58 /* ContentView.swift */; };
		A96BA07425E3366500A8EC58 /* Assets.xcassets in Resources */ = {isa = PBXBuildFile; fileRef = A96BA07325E3366500A8EC58 /* Assets.xcassets */; };
		A96BA07725E3366500A8EC58 /* Preview Assets.xcassets in Resources */ = {isa = PBXBuildFile; fileRef = A96BA07625E3366500A8EC58 /* Preview Assets.xcassets */; };
		A96BA08125E3392D00A8EC58 /* Lottie in Frameworks */ = {isa = PBXBuildFile; productRef = A96BA08025E3392D00A8EC58 /* Lottie */; };
		A96BA08425E3394700A8EC58 /* LottieView.swift in Sources */ = {isa = PBXBuildFile; fileRef = A96BA08325E3394700A8EC58 /* LottieView.swift */; };
		A96BA10B25E3440F00A8EC58 /* login.json in Resources */ = {isa = PBXBuildFile; fileRef = A96BA10A25E3440F00A8EC58 /* login.json */; };
		A96BA11025E34DEA00A8EC58 /* LabelledDivider.swift in Sources */ = {isa = PBXBuildFile; fileRef = A96BA10F25E34DEA00A8EC58 /* LabelledDivider.swift */; };
		A96BA11425E3C63D00A8EC58 /* GoogleService-Info.plist in Resources */ = {isa = PBXBuildFile; fileRef = A96BA11325E3C63D00A8EC58 /* GoogleService-Info.plist */; };
		A96BA11825E3C76300A8EC58 /* FirebaseAuth in Frameworks */ = {isa = PBXBuildFile; productRef = A96BA11725E3C76300A8EC58 /* FirebaseAuth */; };
		A96BA11A25E3C76300A8EC58 /* FirebaseFirestore in Frameworks */ = {isa = PBXBuildFile; productRef = A96BA11925E3C76300A8EC58 /* FirebaseFirestore */; };
		A96BA11C25E3C76300A8EC58 /* FirebaseStorage in Frameworks */ = {isa = PBXBuildFile; productRef = A96BA11B25E3C76300A8EC58 /* FirebaseStorage */; };
		A96BA11F25E3C93400A8EC58 /* CustomCorner.swift in Sources */ = {isa = PBXBuildFile; fileRef = A96BA11E25E3C93400A8EC58 /* CustomCorner.swift */; };
		A96BA12225E3CC2900A8EC58 /* Login.swift in Sources */ = {isa = PBXBuildFile; fileRef = A96BA12125E3CC2900A8EC58 /* Login.swift */; };
		A96BA12525E3CC3F00A8EC58 /* LoginViewModel.swift in Sources */ = {isa = PBXBuildFile; fileRef = A96BA12425E3CC3F00A8EC58 /* LoginViewModel.swift */; };
		A96BA13225E3F92700A8EC58 /* LoadingScreen.swift in Sources */ = {isa = PBXBuildFile; fileRef = A96BA13125E3F92700A8EC58 /* LoadingScreen.swift */; };
		A96BA13525E4049200A8EC58 /* Countries.swift in Sources */ = {isa = PBXBuildFile; fileRef = A96BA13425E4049200A8EC58 /* Countries.swift */; };
		A96BA13825E4098600A8EC58 /* CustomNumberPad.swift in Sources */ = {isa = PBXBuildFile; fileRef = A96BA13725E4098500A8EC58 /* CustomNumberPad.swift */; };
		A96BA13B25E41A5200A8EC58 /* Verification.swift in Sources */ = {isa = PBXBuildFile; fileRef = A96BA13A25E41A5200A8EC58 /* Verification.swift */; };
		A96BA14B25E44B2800A8EC58 /* Home.swift in Sources */ = {isa = PBXBuildFile; fileRef = A96BA14A25E44B2800A8EC58 /* Home.swift */; };
		A96BA15425E4624C00A8EC58 /* FirebaseFirestoreSwift-Beta in Frameworks */ = {isa = PBXBuildFile; productRef = A96BA15325E4624C00A8EC58 /* FirebaseFirestoreSwift-Beta */; };
		A96BA15725E46B1B00A8EC58 /* User.swift in Sources */ = {isa = PBXBuildFile; fileRef = A96BA15625E46B1B00A8EC58 /* User.swift */; };
		A96BA15B25E487F100A8EC58 /* NewMember.swift in Sources */ = {isa = PBXBuildFile; fileRef = A96BA15A25E487F100A8EC58 /* NewMember.swift */; };
		A96BA16325E5640F00A8EC58 /* TabView_home.swift in Sources */ = {isa = PBXBuildFile; fileRef = A96BA16225E5640E00A8EC58 /* TabView_home.swift */; };
		A96BA16825E5651600A8EC58 /* TabView_profile.swift in Sources */ = {isa = PBXBuildFile; fileRef = A96BA16725E5651600A8EC58 /* TabView_profile.swift */; };
		A9C5205725E69B5900AEE181 /* ChatObservable.swift in Sources */ = {isa = PBXBuildFile; fileRef = A9C5205625E69B5900AEE181 /* ChatObservable.swift */; };
		A9C5205A25E69BCB00AEE181 /* Recent.swift in Sources */ = {isa = PBXBuildFile; fileRef = A9C5205925E69BCB00AEE181 /* Recent.swift */; };
		A9C5205E25E6A42000AEE181 /* SDWebImageSwiftUI in Frameworks */ = {isa = PBXBuildFile; productRef = A9C5205D25E6A42000AEE181 /* SDWebImageSwiftUI */; };
		A9C5206125E6ACC100AEE181 /* TabView_recommend.swift in Sources */ = {isa = PBXBuildFile; fileRef = A9C5206025E6ACC100AEE181 /* TabView_recommend.swift */; };
		A9C5206425E6ACFA00AEE181 /* TabView_notification.swift in Sources */ = {isa = PBXBuildFile; fileRef = A9C5206325E6ACFA00AEE181 /* TabView_notification.swift */; };
		A9C5206825E6AE3A00AEE181 /* MassageBox.swift in Sources */ = {isa = PBXBuildFile; fileRef = A9C5206725E6AE3A00AEE181 /* MassageBox.swift */; };
/* End PBXBuildFile section */

/* Begin PBXFileReference section */
		A96BA06C25E3366300A8EC58 /* MyApp.app */ = {isa = PBXFileReference; explicitFileType = wrapper.application; includeInIndex = 0; path = MyApp.app; sourceTree = BUILT_PRODUCTS_DIR; };
		A96BA06F25E3366300A8EC58 /* MyAppApp.swift */ = {isa = PBXFileReference; lastKnownFileType = sourcecode.swift; path = MyAppApp.swift; sourceTree = "<group>"; };
		A96BA07125E3366300A8EC58 /* ContentView.swift */ = {isa = PBXFileReference; lastKnownFileType = sourcecode.swift; path = ContentView.swift; sourceTree = "<group>"; };
		A96BA07325E3366500A8EC58 /* Assets.xcassets */ = {isa = PBXFileReference; lastKnownFileType = folder.assetcatalog; path = Assets.xcassets; sourceTree = "<group>"; };
		A96BA07625E3366500A8EC58 /* Preview Assets.xcassets */ = {isa = PBXFileReference; lastKnownFileType = folder.assetcatalog; path = "Preview Assets.xcassets"; sourceTree = "<group>"; };
		A96BA07825E3366500A8EC58 /* Info.plist */ = {isa = PBXFileReference; lastKnownFileType = text.plist.xml; path = Info.plist; sourceTree = "<group>"; };
		A96BA08325E3394700A8EC58 /* LottieView.swift */ = {isa = PBXFileReference; lastKnownFileType = sourcecode.swift; path = LottieView.swift; sourceTree = "<group>"; };
		A96BA10A25E3440F00A8EC58 /* login.json */ = {isa = PBXFileReference; fileEncoding = 4; lastKnownFileType = text.json; path = login.json; sourceTree = "<group>"; };
		A96BA10F25E34DEA00A8EC58 /* LabelledDivider.swift */ = {isa = PBXFileReference; lastKnownFileType = sourcecode.swift; path = LabelledDivider.swift; sourceTree = "<group>"; };
		A96BA11325E3C63D00A8EC58 /* GoogleService-Info.plist */ = {isa = PBXFileReference; fileEncoding = 4; lastKnownFileType = text.plist.xml; path = "GoogleService-Info.plist"; sourceTree = "<group>"; };
		A96BA11E25E3C93400A8EC58 /* CustomCorner.swift */ = {isa = PBXFileReference; lastKnownFileType = sourcecode.swift; path = CustomCorner.swift; sourceTree = "<group>"; };
		A96BA12125E3CC2900A8EC58 /* Login.swift */ = {isa = PBXFileReference; lastKnownFileType = sourcecode.swift; path = Login.swift; sourceTree = "<group>"; };
		A96BA12425E3CC3F00A8EC58 /* LoginViewModel.swift */ = {isa = PBXFileReference; lastKnownFileType = sourcecode.swift; path = LoginViewModel.swift; sourceTree = "<group>"; };
		A96BA13125E3F92700A8EC58 /* LoadingScreen.swift */ = {isa = PBXFileReference; lastKnownFileType = sourcecode.swift; path = LoadingScreen.swift; sourceTree = "<group>"; };
		A96BA13425E4049200A8EC58 /* Countries.swift */ = {isa = PBXFileReference; lastKnownFileType = sourcecode.swift; path = Countries.swift; sourceTree = "<group>"; };
		A96BA13725E4098500A8EC58 /* CustomNumberPad.swift */ = {isa = PBXFileReference; lastKnownFileType = sourcecode.swift; path = CustomNumberPad.swift; sourceTree = "<group>"; };
		A96BA13A25E41A5200A8EC58 /* Verification.swift */ = {isa = PBXFileReference; lastKnownFileType = sourcecode.swift; path = Verification.swift; sourceTree = "<group>"; };
		A96BA14A25E44B2800A8EC58 /* Home.swift */ = {isa = PBXFileReference; lastKnownFileType = sourcecode.swift; path = Home.swift; sourceTree = "<group>"; };
		A96BA15625E46B1B00A8EC58 /* User.swift */ = {isa = PBXFileReference; lastKnownFileType = sourcecode.swift; path = User.swift; sourceTree = "<group>"; };
		A96BA15A25E487F100A8EC58 /* NewMember.swift */ = {isa = PBXFileReference; lastKnownFileType = sourcecode.swift; path = NewMember.swift; sourceTree = "<group>"; };
		A96BA16225E5640E00A8EC58 /* TabView_home.swift */ = {isa = PBXFileReference; lastKnownFileType = sourcecode.swift; path = TabView_home.swift; sourceTree = "<group>"; };
		A96BA16725E5651600A8EC58 /* TabView_profile.swift */ = {isa = PBXFileReference; lastKnownFileType = sourcecode.swift; path = TabView_profile.swift; sourceTree = "<group>"; };
		A9C5205625E69B5900AEE181 /* ChatObservable.swift */ = {isa = PBXFileReference; lastKnownFileType = sourcecode.swift; path = ChatObservable.swift; sourceTree = "<group>"; };
		A9C5205925E69BCB00AEE181 /* Recent.swift */ = {isa = PBXFileReference; lastKnownFileType = sourcecode.swift; path = Recent.swift; sourceTree = "<group>"; };
		A9C5206025E6ACC100AEE181 /* TabView_recommend.swift */ = {isa = PBXFileReference; lastKnownFileType = sourcecode.swift; path = TabView_recommend.swift; sourceTree = "<group>"; };
		A9C5206325E6ACFA00AEE181 /* TabView_notification.swift */ = {isa = PBXFileReference; lastKnownFileType = sourcecode.swift; path = TabView_notification.swift; sourceTree = "<group>"; };
		A9C5206725E6AE3A00AEE181 /* MassageBox.swift */ = {isa = PBXFileReference; lastKnownFileType = sourcecode.swift; path = MassageBox.swift; sourceTree = "<group>"; };
/* End PBXFileReference section */

/* Begin PBXFrameworksBuildPhase section */
		A96BA06925E3366300A8EC58 /* Frameworks */ = {
			isa = PBXFrameworksBuildPhase;
			buildActionMask = 2147483647;
			files = (
				A9C5205E25E6A42000AEE181 /* SDWebImageSwiftUI in Frameworks */,
				A96BA08125E3392D00A8EC58 /* Lottie in Frameworks */,
				A96BA11C25E3C76300A8EC58 /* FirebaseStorage in Frameworks */,
				A96BA15425E4624C00A8EC58 /* FirebaseFirestoreSwift-Beta in Frameworks */,
				A96BA11825E3C76300A8EC58 /* FirebaseAuth in Frameworks */,
				A96BA11A25E3C76300A8EC58 /* FirebaseFirestore in Frameworks */,
			);
			runOnlyForDeploymentPostprocessing = 0;
		};
/* End PBXFrameworksBuildPhase section */

/* Begin PBXGroup section */
		A96BA06325E3366300A8EC58 = {
			isa = PBXGroup;
			children = (
				A96BA06E25E3366300A8EC58 /* MyApp */,
				A96BA06D25E3366300A8EC58 /* Products */,
				A96BA15025E4618700A8EC58 /* Frameworks */,
			);
			sourceTree = "<group>";
		};
		A96BA06D25E3366300A8EC58 /* Products */ = {
			isa = PBXGroup;
			children = (
				A96BA06C25E3366300A8EC58 /* MyApp.app */,
			);
			name = Products;
			sourceTree = "<group>";
		};
		A96BA06E25E3366300A8EC58 /* MyApp */ = {
			isa = PBXGroup;
			children = (
				A96BA10E25E34DD100A8EC58 /* Helper */,
				A96BA08C25E33D6B00A8EC58 /* Model */,
				A96BA08E25E33D7800A8EC58 /* View */,
				A96BA08D25E33D7100A8EC58 /* ViewModel */,
				A96BA06F25E3366300A8EC58 /* MyAppApp.swift */,
				A96BA07125E3366300A8EC58 /* ContentView.swift */,
				A96BA08325E3394700A8EC58 /* LottieView.swift */,
				A96BA07325E3366500A8EC58 /* Assets.xcassets */,
				A96BA11325E3C63D00A8EC58 /* GoogleService-Info.plist */,
				A96BA07825E3366500A8EC58 /* Info.plist */,
				A96BA10A25E3440F00A8EC58 /* login.json */,
				A96BA07525E3366500A8EC58 /* Preview Content */,
			);
			path = MyApp;
			sourceTree = "<group>";
		};
		A96BA07525E3366500A8EC58 /* Preview Content */ = {
			isa = PBXGroup;
			children = (
				A96BA07625E3366500A8EC58 /* Preview Assets.xcassets */,
			);
			path = "Preview Content";
			sourceTree = "<group>";
		};
		A96BA08C25E33D6B00A8EC58 /* Model */ = {
			isa = PBXGroup;
			children = (
				A96BA13425E4049200A8EC58 /* Countries.swift */,
				A96BA15625E46B1B00A8EC58 /* User.swift */,
				A9C5205925E69BCB00AEE181 /* Recent.swift */,
			);
			path = Model;
			sourceTree = "<group>";
		};
		A96BA08D25E33D7100A8EC58 /* ViewModel */ = {
			isa = PBXGroup;
			children = (
				A96BA12425E3CC3F00A8EC58 /* LoginViewModel.swift */,
				A9C5205625E69B5900AEE181 /* ChatObservable.swift */,
			);
			path = ViewModel;
			sourceTree = "<group>";
		};
		A96BA08E25E33D7800A8EC58 /* View */ = {
			isa = PBXGroup;
			children = (
				A96BA12125E3CC2900A8EC58 /* Login.swift */,
				A96BA13A25E41A5200A8EC58 /* Verification.swift */,
				A96BA14A25E44B2800A8EC58 /* Home.swift */,
				A96BA15A25E487F100A8EC58 /* NewMember.swift */,
				A96BA16225E5640E00A8EC58 /* TabView_home.swift */,
				A9C5206025E6ACC100AEE181 /* TabView_recommend.swift */,
				A9C5206325E6ACFA00AEE181 /* TabView_notification.swift */,
				A96BA16725E5651600A8EC58 /* TabView_profile.swift */,
				A9C5206725E6AE3A00AEE181 /* MassageBox.swift */,
				A96BA10F25E34DEA00A8EC58 /* LabelledDivider.swift */,
				A96BA11E25E3C93400A8EC58 /* CustomCorner.swift */,
				A96BA13125E3F92700A8EC58 /* LoadingScreen.swift */,
				A96BA13725E4098500A8EC58 /* CustomNumberPad.swift */,
			);
			path = View;
			sourceTree = "<group>";
		};
		A96BA10E25E34DD100A8EC58 /* Helper */ = {
			isa = PBXGroup;
			children = (
			);
			path = Helper;
			sourceTree = "<group>";
		};
		A96BA15025E4618700A8EC58 /* Frameworks */ = {
			isa = PBXGroup;
			children = (
			);
			name = Frameworks;
			sourceTree = "<group>";
		};
/* End PBXGroup section */

/* Begin PBXNativeTarget section */
		A96BA06B25E3366300A8EC58 /* MyApp */ = {
			isa = PBXNativeTarget;
			buildConfigurationList = A96BA07B25E3366500A8EC58 /* Build configuration list for PBXNativeTarget "MyApp" */;
			buildPhases = (
				A96BA06825E3366300A8EC58 /* Sources */,
				A96BA06925E3366300A8EC58 /* Frameworks */,
				A96BA06A25E3366300A8EC58 /* Resources */,
			);
			buildRules = (
			);
			dependencies = (
			);
			name = MyApp;
			packageProductDependencies = (
				A96BA08025E3392D00A8EC58 /* Lottie */,
				A96BA11725E3C76300A8EC58 /* FirebaseAuth */,
				A96BA11925E3C76300A8EC58 /* FirebaseFirestore */,
				A96BA11B25E3C76300A8EC58 /* FirebaseStorage */,
				A96BA15325E4624C00A8EC58 /* FirebaseFirestoreSwift-Beta */,
				A9C5205D25E6A42000AEE181 /* SDWebImageSwiftUI */,
			);
			productName = MyApp;
			productReference = A96BA06C25E3366300A8EC58 /* MyApp.app */;
			productType = "com.apple.product-type.application";
		};
/* End PBXNativeTarget section */

/* Begin PBXProject section */
		A96BA06425E3366300A8EC58 /* Project object */ = {
			isa = PBXProject;
			attributes = {
				LastSwiftUpdateCheck = 1240;
				LastUpgradeCheck = 1240;
				TargetAttributes = {
					A96BA06B25E3366300A8EC58 = {
						CreatedOnToolsVersion = 12.4;
					};
				};
			};
			buildConfigurationList = A96BA06725E3366300A8EC58 /* Build configuration list for PBXProject "MyApp" */;
			compatibilityVersion = "Xcode 9.3";
			developmentRegion = en;
			hasScannedForEncodings = 0;
			knownRegions = (
				en,
				Base,
			);
			mainGroup = A96BA06325E3366300A8EC58;
			packageReferences = (
				A96BA07F25E3392D00A8EC58 /* XCRemoteSwiftPackageReference "lottie-ios" */,
				A96BA11625E3C76300A8EC58 /* XCRemoteSwiftPackageReference "firebase-ios-sdk" */,
				A9C5205C25E6A41F00AEE181 /* XCRemoteSwiftPackageReference "SDWebImageSwiftUI" */,
			);
			productRefGroup = A96BA06D25E3366300A8EC58 /* Products */;
			projectDirPath = "";
			projectRoot = "";
			targets = (
				A96BA06B25E3366300A8EC58 /* MyApp */,
			);
		};
/* End PBXProject section */

/* Begin PBXResourcesBuildPhase section */
		A96BA06A25E3366300A8EC58 /* Resources */ = {
			isa = PBXResourcesBuildPhase;
			buildActionMask = 2147483647;
			files = (
				A96BA11425E3C63D00A8EC58 /* GoogleService-Info.plist in Resources */,
				A96BA10B25E3440F00A8EC58 /* login.json in Resources */,
				A96BA07725E3366500A8EC58 /* Preview Assets.xcassets in Resources */,
				A96BA07425E3366500A8EC58 /* Assets.xcassets in Resources */,
			);
			runOnlyForDeploymentPostprocessing = 0;
		};
/* End PBXResourcesBuildPhase section */

/* Begin PBXSourcesBuildPhase section */
		A96BA06825E3366300A8EC58 /* Sources */ = {
			isa = PBXSourcesBuildPhase;
			buildActionMask = 2147483647;
			files = (
				A96BA15725E46B1B00A8EC58 /* User.swift in Sources */,
				A96BA13B25E41A5200A8EC58 /* Verification.swift in Sources */,
				A96BA16825E5651600A8EC58 /* TabView_profile.swift in Sources */,
				A9C5206825E6AE3A00AEE181 /* MassageBox.swift in Sources */,
				A96BA12525E3CC3F00A8EC58 /* LoginViewModel.swift in Sources */,
				A96BA12225E3CC2900A8EC58 /* Login.swift in Sources */,
				A96BA15B25E487F100A8EC58 /* NewMember.swift in Sources */,
				A96BA11025E34DEA00A8EC58 /* LabelledDivider.swift in Sources */,
				A96BA07225E3366300A8EC58 /* ContentView.swift in Sources */,
				A96BA14B25E44B2800A8EC58 /* Home.swift in Sources */,
				A96BA07025E3366300A8EC58 /* MyAppApp.swift in Sources */,
				A9C5206125E6ACC100AEE181 /* TabView_recommend.swift in Sources */,
				A96BA13525E4049200A8EC58 /* Countries.swift in Sources */,
				A96BA11F25E3C93400A8EC58 /* CustomCorner.swift in Sources */,
				A96BA13225E3F92700A8EC58 /* LoadingScreen.swift in Sources */,
				A9C5205725E69B5900AEE181 /* ChatObservable.swift in Sources */,
				A96BA16325E5640F00A8EC58 /* TabView_home.swift in Sources */,
				A96BA08425E3394700A8EC58 /* LottieView.swift in Sources */,
				A9C5206425E6ACFA00AEE181 /* TabView_notification.swift in Sources */,
				A9C5205A25E69BCB00AEE181 /* Recent.swift in Sources */,
				A96BA13825E4098600A8EC58 /* CustomNumberPad.swift in Sources */,
			);
			runOnlyForDeploymentPostprocessing = 0;
		};
/* End PBXSourcesBuildPhase section */

/* Begin XCBuildConfiguration section */
		A96BA07925E3366500A8EC58 /* Debug */ = {
			isa = XCBuildConfiguration;
			buildSettings = {
				ALWAYS_SEARCH_USER_PATHS = NO;
				CLANG_ANALYZER_NONNULL = YES;
				CLANG_ANALYZER_NUMBER_OBJECT_CONVERSION = YES_AGGRESSIVE;
				CLANG_CXX_LANGUAGE_STANDARD = "gnu++14";
				CLANG_CXX_LIBRARY = "libc++";
				CLANG_ENABLE_MODULES = YES;
				CLANG_ENABLE_OBJC_ARC = YES;
				CLANG_ENABLE_OBJC_WEAK = YES;
				CLANG_WARN_BLOCK_CAPTURE_AUTORELEASING = YES;
				CLANG_WARN_BOOL_CONVERSION = YES;
				CLANG_WARN_COMMA = YES;
				CLANG_WARN_CONSTANT_CONVERSION = YES;
				CLANG_WARN_DEPRECATED_OBJC_IMPLEMENTATIONS = YES;
				CLANG_WARN_DIRECT_OBJC_ISA_USAGE = YES_ERROR;
				CLANG_WARN_DOCUMENTATION_COMMENTS = YES;
				CLANG_WARN_EMPTY_BODY = YES;
				CLANG_WARN_ENUM_CONVERSION = YES;
				CLANG_WARN_INFINITE_RECURSION = YES;
				CLANG_WARN_INT_CONVERSION = YES;
				CLANG_WARN_NON_LITERAL_NULL_CONVERSION = YES;
				CLANG_WARN_OBJC_IMPLICIT_RETAIN_SELF = YES;
				CLANG_WARN_OBJC_LITERAL_CONVERSION = YES;
				CLANG_WARN_OBJC_ROOT_CLASS = YES_ERROR;
				CLANG_WARN_QUOTED_INCLUDE_IN_FRAMEWORK_HEADER = YES;
				CLANG_WARN_RANGE_LOOP_ANALYSIS = YES;
				CLANG_WARN_STRICT_PROTOTYPES = YES;
				CLANG_WARN_SUSPICIOUS_MOVE = YES;
				CLANG_WARN_UNGUARDED_AVAILABILITY = YES_AGGRESSIVE;
				CLANG_WARN_UNREACHABLE_CODE = YES;
				CLANG_WARN__DUPLICATE_METHOD_MATCH = YES;
				COPY_PHASE_STRIP = NO;
				DEBUG_INFORMATION_FORMAT = dwarf;
				ENABLE_STRICT_OBJC_MSGSEND = YES;
				ENABLE_TESTABILITY = YES;
				GCC_C_LANGUAGE_STANDARD = gnu11;
				GCC_DYNAMIC_NO_PIC = NO;
				GCC_NO_COMMON_BLOCKS = YES;
				GCC_OPTIMIZATION_LEVEL = 0;
				GCC_PREPROCESSOR_DEFINITIONS = (
					"DEBUG=1",
					"$(inherited)",
				);
				GCC_WARN_64_TO_32_BIT_CONVERSION = YES;
				GCC_WARN_ABOUT_RETURN_TYPE = YES_ERROR;
				GCC_WARN_UNDECLARED_SELECTOR = YES;
				GCC_WARN_UNINITIALIZED_AUTOS = YES_AGGRESSIVE;
				GCC_WARN_UNUSED_FUNCTION = YES;
				GCC_WARN_UNUSED_VARIABLE = YES;
				IPHONEOS_DEPLOYMENT_TARGET = 14.4;
				MTL_ENABLE_DEBUG_INFO = INCLUDE_SOURCE;
				MTL_FAST_MATH = YES;
				ONLY_ACTIVE_ARCH = YES;
				SDKROOT = iphoneos;
				SWIFT_ACTIVE_COMPILATION_CONDITIONS = DEBUG;
				SWIFT_OPTIMIZATION_LEVEL = "-Onone";
			};
			name = Debug;
		};
		A96BA07A25E3366500A8EC58 /* Release */ = {
			isa = XCBuildConfiguration;
			buildSettings = {
				ALWAYS_SEARCH_USER_PATHS = NO;
				CLANG_ANALYZER_NONNULL = YES;
				CLANG_ANALYZER_NUMBER_OBJECT_CONVERSION = YES_AGGRESSIVE;
				CLANG_CXX_LANGUAGE_STANDARD = "gnu++14";
				CLANG_CXX_LIBRARY = "libc++";
				CLANG_ENABLE_MODULES = YES;
				CLANG_ENABLE_OBJC_ARC = YES;
				CLANG_ENABLE_OBJC_WEAK = YES;
				CLANG_WARN_BLOCK_CAPTURE_AUTORELEASING = YES;
				CLANG_WARN_BOOL_CONVERSION = YES;
				CLANG_WARN_COMMA = YES;
				CLANG_WARN_CONSTANT_CONVERSION = YES;
				CLANG_WARN_DEPRECATED_OBJC_IMPLEMENTATIONS = YES;
				CLANG_WARN_DIRECT_OBJC_ISA_USAGE = YES_ERROR;
				CLANG_WARN_DOCUMENTATION_COMMENTS = YES;
				CLANG_WARN_EMPTY_BODY = YES;
				CLANG_WARN_ENUM_CONVERSION = YES;
				CLANG_WARN_INFINITE_RECURSION = YES;
				CLANG_WARN_INT_CONVERSION = YES;
				CLANG_WARN_NON_LITERAL_NULL_CONVERSION = YES;
				CLANG_WARN_OBJC_IMPLICIT_RETAIN_SELF = YES;
				CLANG_WARN_OBJC_LITERAL_CONVERSION = YES;
				CLANG_WARN_OBJC_ROOT_CLASS = YES_ERROR;
				CLANG_WARN_QUOTED_INCLUDE_IN_FRAMEWORK_HEADER = YES;
				CLANG_WARN_RANGE_LOOP_ANALYSIS = YES;
				CLANG_WARN_STRICT_PROTOTYPES = YES;
				CLANG_WARN_SUSPICIOUS_MOVE = YES;
				CLANG_WARN_UNGUARDED_AVAILABILITY = YES_AGGRESSIVE;
				CLANG_WARN_UNREACHABLE_CODE = YES;
				CLANG_WARN__DUPLICATE_METHOD_MATCH = YES;
				COPY_PHASE_STRIP = NO;
				DEBUG_INFORMATION_FORMAT = "dwarf-with-dsym";
				ENABLE_NS_ASSERTIONS = NO;
				ENABLE_STRICT_OBJC_MSGSEND = YES;
				GCC_C_LANGUAGE_STANDARD = gnu11;
				GCC_NO_COMMON_BLOCKS = YES;
				GCC_WARN_64_TO_32_BIT_CONVERSION = YES;
				GCC_WARN_ABOUT_RETURN_TYPE = YES_ERROR;
				GCC_WARN_UNDECLARED_SELECTOR = YES;
				GCC_WARN_UNINITIALIZED_AUTOS = YES_AGGRESSIVE;
				GCC_WARN_UNUSED_FUNCTION = YES;
				GCC_WARN_UNUSED_VARIABLE = YES;
				IPHONEOS_DEPLOYMENT_TARGET = 14.4;
				MTL_ENABLE_DEBUG_INFO = NO;
				MTL_FAST_MATH = YES;
				SDKROOT = iphoneos;
				SWIFT_COMPILATION_MODE = wholemodule;
				SWIFT_OPTIMIZATION_LEVEL = "-O";
				VALIDATE_PRODUCT = YES;
			};
			name = Release;
		};
		A96BA07C25E3366500A8EC58 /* Debug */ = {
			isa = XCBuildConfiguration;
			buildSettings = {
				ASSETCATALOG_COMPILER_APPICON_NAME = AppIcon;
				ASSETCATALOG_COMPILER_GLOBAL_ACCENT_COLOR_NAME = AccentColor;
				CODE_SIGN_STYLE = Automatic;
				DEAD_CODE_STRIPPING = NO;
				DEVELOPMENT_ASSET_PATHS = "\"MyApp/Preview Content\"";
				DEVELOPMENT_TEAM = CD6SW3CV79;
				ENABLE_PREVIEWS = YES;
				INFOPLIST_FILE = MyApp/Info.plist;
				IPHONEOS_DEPLOYMENT_TARGET = 14.0;
				LD_RUNPATH_SEARCH_PATHS = (
					"$(inherited)",
					"@executable_path/Frameworks",
				);
				PRODUCT_BUNDLE_IDENTIFIER = pitaya.MyApp;
				PRODUCT_NAME = "$(TARGET_NAME)";
				SWIFT_VERSION = 5.0;
				TARGETED_DEVICE_FAMILY = "1,2";
			};
			name = Debug;
		};
		A96BA07D25E3366500A8EC58 /* Release */ = {
			isa = XCBuildConfiguration;
			buildSettings = {
				ASSETCATALOG_COMPILER_APPICON_NAME = AppIcon;
				ASSETCATALOG_COMPILER_GLOBAL_ACCENT_COLOR_NAME = AccentColor;
				CODE_SIGN_STYLE = Automatic;
				DEAD_CODE_STRIPPING = NO;
				DEVELOPMENT_ASSET_PATHS = "\"MyApp/Preview Content\"";
				DEVELOPMENT_TEAM = CD6SW3CV79;
				ENABLE_PREVIEWS = YES;
				INFOPLIST_FILE = MyApp/Info.plist;
				IPHONEOS_DEPLOYMENT_TARGET = 14.0;
				LD_RUNPATH_SEARCH_PATHS = (
					"$(inherited)",
					"@executable_path/Frameworks",
				);
				PRODUCT_BUNDLE_IDENTIFIER = pitaya.MyApp;
				PRODUCT_NAME = "$(TARGET_NAME)";
				SWIFT_VERSION = 5.0;
				TARGETED_DEVICE_FAMILY = "1,2";
			};
			name = Release;
		};
/* End XCBuildConfiguration section */

/* Begin XCConfigurationList section */
		A96BA06725E3366300A8EC58 /* Build configuration list for PBXProject "MyApp" */ = {
			isa = XCConfigurationList;
			buildConfigurations = (
				A96BA07925E3366500A8EC58 /* Debug */,
				A96BA07A25E3366500A8EC58 /* Release */,
			);
			defaultConfigurationIsVisible = 0;
			defaultConfigurationName = Release;
		};
		A96BA07B25E3366500A8EC58 /* Build configuration list for PBXNativeTarget "MyApp" */ = {
			isa = XCConfigurationList;
			buildConfigurations = (
				A96BA07C25E3366500A8EC58 /* Debug */,
				A96BA07D25E3366500A8EC58 /* Release */,
			);
			defaultConfigurationIsVisible = 0;
			defaultConfigurationName = Release;
		};
/* End XCConfigurationList section */

/* Begin XCRemoteSwiftPackageReference section */
		A96BA07F25E3392D00A8EC58 /* XCRemoteSwiftPackageReference "lottie-ios" */ = {
			isa = XCRemoteSwiftPackageReference;
			repositoryURL = "https://github.com/airbnb/lottie-ios.git";
			requirement = {
				kind = upToNextMajorVersion;
				minimumVersion = 3.2.1;
			};
		};
		A96BA11625E3C76300A8EC58 /* XCRemoteSwiftPackageReference "firebase-ios-sdk" */ = {
			isa = XCRemoteSwiftPackageReference;
			repositoryURL = "https://github.com/firebase/firebase-ios-sdk.git";
			requirement = {
				kind = upToNextMajorVersion;
				minimumVersion = 7.6.0;
			};
		};
		A9C5205C25E6A41F00AEE181 /* XCRemoteSwiftPackageReference "SDWebImageSwiftUI" */ = {
			isa = XCRemoteSwiftPackageReference;
			repositoryURL = "https://github.com/SDWebImage/SDWebImageSwiftUI.git";
			requirement = {
				kind = upToNextMajorVersion;
				minimumVersion = 2.0.0;
			};
		};
/* End XCRemoteSwiftPackageReference section */

/* Begin XCSwiftPackageProductDependency section */
		A96BA08025E3392D00A8EC58 /* Lottie */ = {
			isa = XCSwiftPackageProductDependency;
			package = A96BA07F25E3392D00A8EC58 /* XCRemoteSwiftPackageReference "lottie-ios" */;
			productName = Lottie;
		};
		A96BA11725E3C76300A8EC58 /* FirebaseAuth */ = {
			isa = XCSwiftPackageProductDependency;
			package = A96BA11625E3C76300A8EC58 /* XCRemoteSwiftPackageReference "firebase-ios-sdk" */;
			productName = FirebaseAuth;
		};
		A96BA11925E3C76300A8EC58 /* FirebaseFirestore */ = {
			isa = XCSwiftPackageProductDependency;
			package = A96BA11625E3C76300A8EC58 /* XCRemoteSwiftPackageReference "firebase-ios-sdk" */;
			productName = FirebaseFirestore;
		};
		A96BA11B25E3C76300A8EC58 /* FirebaseStorage */ = {
			isa = XCSwiftPackageProductDependency;
			package = A96BA11625E3C76300A8EC58 /* XCRemoteSwiftPackageReference "firebase-ios-sdk" */;
			productName = FirebaseStorage;
		};
		A96BA15325E4624C00A8EC58 /* FirebaseFirestoreSwift-Beta */ = {
			isa = XCSwiftPackageProductDependency;
			package = A96BA11625E3C76300A8EC58 /* XCRemoteSwiftPackageReference "firebase-ios-sdk" */;
			productName = "FirebaseFirestoreSwift-Beta";
		};
		A9C5205D25E6A42000AEE181 /* SDWebImageSwiftUI */ = {
			isa = XCSwiftPackageProductDependency;
			package = A9C5205C25E6A41F00AEE181 /* XCRemoteSwiftPackageReference "SDWebImageSwiftUI" */;
			productName = SDWebImageSwiftUI;
		};
/* End XCSwiftPackageProductDependency section */
	};
	rootObject = A96BA06425E3366300A8EC58 /* Project object */;
}
